
Microsoft Visual Studio Solution File, Format Version 12.00
# Visual Studio Version 16
VisualStudioVersion = 16.0.29609.76
MinimumVisualStudioVersion = 10.0.40219.1
Project("{9A19103F-16F7-4668-BE54-9A1E7A4F7556}") = "SeleniumBasicsDemo", "SeleniumBasicsDemo.csproj", "{3FF29740-64F3-4E1B-A8AA-414CC7105C57}"
EndProject
Global
	GlobalSection(SolutionConfigurationPlatforms) = preSolution
		Debug|Any CPU = Debug|Any CPU
		Release|Any CPU = Release|Any CPU
	EndGlobalSection
	GlobalSection(ProjectConfigurationPlatforms) = postSolution
		{3FF29740-64F3-4E1B-A8AA-414CC7105C57}.Debug|Any CPU.ActiveCfg = Debug|Any CPU
		{3FF29740-64F3-4E1B-A8AA-414CC7105C57}.Debug|Any CPU.Build.0 = Debug|Any CPU
		{3FF29740-64F3-4E1B-A8AA-414CC7105C57}.Release|Any CPU.ActiveCfg = Release|Any CPU
		{3FF29740-64F3-4E1B-A8AA-414CC7105C57}.Release|Any CPU.Build.0 = Release|Any CPU
	EndGlobalSection
	GlobalSection(SolutionProperties) = preSolution
		HideSolutionNode = FALSE
	EndGlobalSection
	GlobalSection(ExtensibilityGlobals) = postSolution
		SolutionGuid = {BEDFDBC3-2142-4EDF-91ED-CE0D21B694ED}
	EndGlobalSection
EndGlobal
